// !$*UTF8*$!
{
	archiveVersion = 1;
	classes = {
	};
	objectVersion = 55;
	objects = {

/* Begin PBXBuildFile section */
		755F01A327D3FAA900471966 /* AppDelegate.swift in Sources */ = {isa = PBXBuildFile; fileRef = 755F01A227D3FAA900471966 /* AppDelegate.swift */; };
		755F01A727D3FAA900471966 /* ViewController.swift in Sources */ = {isa = PBXBuildFile; fileRef = 755F01A627D3FAA900471966 /* ViewController.swift */; };
		755F01AA27D3FAA900471966 /* Main.storyboard in Resources */ = {isa = PBXBuildFile; fileRef = 755F01A827D3FAA900471966 /* Main.storyboard */; };
		755F01AC27D3FAAA00471966 /* Assets.xcassets in Resources */ = {isa = PBXBuildFile; fileRef = 755F01AB27D3FAAA00471966 /* Assets.xcassets */; };
		755F01AF27D3FAAA00471966 /* LaunchScreen.storyboard in Resources */ = {isa = PBXBuildFile; fileRef = 755F01AD27D3FAAA00471966 /* LaunchScreen.storyboard */; };
		755F01BA27D3FAAA00471966 /* DestinationListTests.swift in Sources */ = {isa = PBXBuildFile; fileRef = 755F01B927D3FAAA00471966 /* DestinationListTests.swift */; };
		755F01D427D401CC00471966 /* MOCK_DATA.json in Resources */ = {isa = PBXBuildFile; fileRef = 755F01D327D401CC00471966 /* MOCK_DATA.json */; };
		755F01D627D4022B00471966 /* FileLoader.swift in Sources */ = {isa = PBXBuildFile; fileRef = 755F01D527D4022B00471966 /* FileLoader.swift */; };
		755F01D927D402BE00471966 /* PlaceModel.swift in Sources */ = {isa = PBXBuildFile; fileRef = 755F01D827D402BE00471966 /* PlaceModel.swift */; };
		755F01DD27D403B100471966 /* DataFetcher.swift in Sources */ = {isa = PBXBuildFile; fileRef = 755F01DC27D403B100471966 /* DataFetcher.swift */; };
		755F01E027D404AB00471966 /* DestinationViewModel.swift in Sources */ = {isa = PBXBuildFile; fileRef = 755F01DF27D404AB00471966 /* DestinationViewModel.swift */; };
		755F01E327D4052900471966 /* DestinationViewModelProtocol.swift in Sources */ = {isa = PBXBuildFile; fileRef = 755F01E227D4052900471966 /* DestinationViewModelProtocol.swift */; };
		755F01E527D40CAC00471966 /* DestinationDataSource.swift in Sources */ = {isa = PBXBuildFile; fileRef = 755F01E427D40CAC00471966 /* DestinationDataSource.swift */; };
		755F01EB27D4161300471966 /* PlaceTableViewCell.swift in Sources */ = {isa = PBXBuildFile; fileRef = 755F01EA27D4161300471966 /* PlaceTableViewCell.swift */; };
		755F01EE27D41DC200471966 /* Date+Extensions.swift in Sources */ = {isa = PBXBuildFile; fileRef = 755F01ED27D41DC200471966 /* Date+Extensions.swift */; };
/* End PBXBuildFile section */

/* Begin PBXContainerItemProxy section */
		755F01B627D3FAAA00471966 /* PBXContainerItemProxy */ = {
			isa = PBXContainerItemProxy;
			containerPortal = 755F019727D3FAA900471966 /* Project object */;
			proxyType = 1;
			remoteGlobalIDString = 755F019E27D3FAA900471966;
			remoteInfo = DestinationList;
		};
/* End PBXContainerItemProxy section */

/* Begin PBXFileReference section */
		755F019F27D3FAA900471966 /* DestinationList.app */ = {isa = PBXFileReference; explicitFileType = wrapper.application; includeInIndex = 0; path = DestinationList.app; sourceTree = BUILT_PRODUCTS_DIR; };
		755F01A227D3FAA900471966 /* AppDelegate.swift */ = {isa = PBXFileReference; lastKnownFileType = sourcecode.swift; path = AppDelegate.swift; sourceTree = "<group>"; };
		755F01A627D3FAA900471966 /* ViewController.swift */ = {isa = PBXFileReference; lastKnownFileType = sourcecode.swift; path = ViewController.swift; sourceTree = "<group>"; };
		755F01A927D3FAA900471966 /* Base */ = {isa = PBXFileReference; lastKnownFileType = file.storyboard; name = Base; path = Base.lproj/Main.storyboard; sourceTree = "<group>"; };
		755F01AB27D3FAAA00471966 /* Assets.xcassets */ = {isa = PBXFileReference; lastKnownFileType = folder.assetcatalog; path = Assets.xcassets; sourceTree = "<group>"; };
		755F01AE27D3FAAA00471966 /* Base */ = {isa = PBXFileReference; lastKnownFileType = file.storyboard; name = Base; path = Base.lproj/LaunchScreen.storyboard; sourceTree = "<group>"; };
		755F01B027D3FAAA00471966 /* Info.plist */ = {isa = PBXFileReference; lastKnownFileType = text.plist.xml; path = Info.plist; sourceTree = "<group>"; };
		755F01B527D3FAAA00471966 /* DestinationListTests.xctest */ = {isa = PBXFileReference; explicitFileType = wrapper.cfbundle; includeInIndex = 0; path = DestinationListTests.xctest; sourceTree = BUILT_PRODUCTS_DIR; };
		755F01B927D3FAAA00471966 /* DestinationListTests.swift */ = {isa = PBXFileReference; lastKnownFileType = sourcecode.swift; path = DestinationListTests.swift; sourceTree = "<group>"; };
		755F01D327D401CC00471966 /* MOCK_DATA.json */ = {isa = PBXFileReference; fileEncoding = 4; lastKnownFileType = text.json; path = MOCK_DATA.json; sourceTree = "<group>"; };
		755F01D527D4022B00471966 /* FileLoader.swift */ = {isa = PBXFileReference; lastKnownFileType = sourcecode.swift; path = FileLoader.swift; sourceTree = "<group>"; };
		755F01D827D402BE00471966 /* PlaceModel.swift */ = {isa = PBXFileReference; lastKnownFileType = sourcecode.swift; path = PlaceModel.swift; sourceTree = "<group>"; };
		755F01DC27D403B100471966 /* DataFetcher.swift */ = {isa = PBXFileReference; lastKnownFileType = sourcecode.swift; path = DataFetcher.swift; sourceTree = "<group>"; };
		755F01DF27D404AB00471966 /* DestinationViewModel.swift */ = {isa = PBXFileReference; lastKnownFileType = sourcecode.swift; path = DestinationViewModel.swift; sourceTree = "<group>"; };
		755F01E227D4052900471966 /* DestinationViewModelProtocol.swift */ = {isa = PBXFileReference; lastKnownFileType = sourcecode.swift; path = DestinationViewModelProtocol.swift; sourceTree = "<group>"; };
		755F01E427D40CAC00471966 /* DestinationDataSource.swift */ = {isa = PBXFileReference; lastKnownFileType = sourcecode.swift; path = DestinationDataSource.swift; sourceTree = "<group>"; };
		755F01EA27D4161300471966 /* PlaceTableViewCell.swift */ = {isa = PBXFileReference; lastKnownFileType = sourcecode.swift; path = PlaceTableViewCell.swift; sourceTree = "<group>"; };
		755F01ED27D41DC200471966 /* Date+Extensions.swift */ = {isa = PBXFileReference; lastKnownFileType = sourcecode.swift; path = "Date+Extensions.swift"; sourceTree = "<group>"; };
/* End PBXFileReference section */

/* Begin PBXFrameworksBuildPhase section */
		755F019C27D3FAA900471966 /* Frameworks */ = {
			isa = PBXFrameworksBuildPhase;
			buildActionMask = 2147483647;
			files = (
			);
			runOnlyForDeploymentPostprocessing = 0;
		};
		755F01B227D3FAAA00471966 /* Frameworks */ = {
			isa = PBXFrameworksBuildPhase;
			buildActionMask = 2147483647;
			files = (
			);
			runOnlyForDeploymentPostprocessing = 0;
		};
/* End PBXFrameworksBuildPhase section */

/* Begin PBXGroup section */
		755F019627D3FAA900471966 = {
			isa = PBXGroup;
			children = (
				755F01A127D3FAA900471966 /* DestinationList */,
				755F01B827D3FAAA00471966 /* DestinationListTests */,
				755F01A027D3FAA900471966 /* Products */,
			);
			sourceTree = "<group>";
		};
		755F01A027D3FAA900471966 /* Products */ = {
			isa = PBXGroup;
			children = (
				755F019F27D3FAA900471966 /* DestinationList.app */,
				755F01B527D3FAAA00471966 /* DestinationListTests.xctest */,
			);
			name = Products;
			sourceTree = "<group>";
		};
		755F01A127D3FAA900471966 /* DestinationList */ = {
			isa = PBXGroup;
			children = (
				755F01EC27D41DB400471966 /* Extesions */,
				755F01E927D4124700471966 /* View */,
				755F01E127D4050D00471966 /* Protocols */,
				755F01DE27D403EE00471966 /* ViewModel */,
				755F01D727D402B400471966 /* Model */,
				755F01D227D401C200471966 /* Resource */,
				755F01A227D3FAA900471966 /* AppDelegate.swift */,
				755F01A827D3FAA900471966 /* Main.storyboard */,
				755F01AB27D3FAAA00471966 /* Assets.xcassets */,
				755F01AD27D3FAAA00471966 /* LaunchScreen.storyboard */,
				755F01B027D3FAAA00471966 /* Info.plist */,
			);
			path = DestinationList;
			sourceTree = "<group>";
		};
		755F01B827D3FAAA00471966 /* DestinationListTests */ = {
			isa = PBXGroup;
			children = (
				755F01B927D3FAAA00471966 /* DestinationListTests.swift */,
			);
			path = DestinationListTests;
			sourceTree = "<group>";
		};
		755F01D227D401C200471966 /* Resource */ = {
			isa = PBXGroup;
			children = (
				755F01D327D401CC00471966 /* MOCK_DATA.json */,
				755F01D527D4022B00471966 /* FileLoader.swift */,
				755F01DC27D403B100471966 /* DataFetcher.swift */,
			);
			path = Resource;
			sourceTree = "<group>";
		};
		755F01D727D402B400471966 /* Model */ = {
			isa = PBXGroup;
			children = (
				755F01D827D402BE00471966 /* PlaceModel.swift */,
			);
			path = Model;
			sourceTree = "<group>";
		};
		755F01DE27D403EE00471966 /* ViewModel */ = {
			isa = PBXGroup;
			children = (
				755F01DF27D404AB00471966 /* DestinationViewModel.swift */,
				755F01E427D40CAC00471966 /* DestinationDataSource.swift */,
			);
			path = ViewModel;
			sourceTree = "<group>";
		};
		755F01E127D4050D00471966 /* Protocols */ = {
			isa = PBXGroup;
			children = (
				755F01E227D4052900471966 /* DestinationViewModelProtocol.swift */,
			);
			path = Protocols;
			sourceTree = "<group>";
		};
		755F01E927D4124700471966 /* View */ = {
			isa = PBXGroup;
			children = (
				755F01A627D3FAA900471966 /* ViewController.swift */,
				755F01EA27D4161300471966 /* PlaceTableViewCell.swift */,
			);
			path = View;
			sourceTree = "<group>";
		};
		755F01EC27D41DB400471966 /* Extesions */ = {
			isa = PBXGroup;
			children = (
				755F01ED27D41DC200471966 /* Date+Extensions.swift */,
			);
			path = Extesions;
			sourceTree = "<group>";
		};
/* End PBXGroup section */

/* Begin PBXNativeTarget section */
		755F019E27D3FAA900471966 /* DestinationList */ = {
			isa = PBXNativeTarget;
			buildConfigurationList = 755F01C927D3FAAA00471966 /* Build configuration list for PBXNativeTarget "DestinationList" */;
			buildPhases = (
				755F019B27D3FAA900471966 /* Sources */,
				755F019C27D3FAA900471966 /* Frameworks */,
				755F019D27D3FAA900471966 /* Resources */,
			);
			buildRules = (
			);
			dependencies = (
			);
			name = DestinationList;
			productName = DestinationList;
			productReference = 755F019F27D3FAA900471966 /* DestinationList.app */;
			productType = "com.apple.product-type.application";
		};
		755F01B427D3FAAA00471966 /* DestinationListTests */ = {
			isa = PBXNativeTarget;
			buildConfigurationList = 755F01CC27D3FAAA00471966 /* Build configuration list for PBXNativeTarget "DestinationListTests" */;
			buildPhases = (
				755F01B127D3FAAA00471966 /* Sources */,
				755F01B227D3FAAA00471966 /* Frameworks */,
				755F01B327D3FAAA00471966 /* Resources */,
			);
			buildRules = (
			);
			dependencies = (
				755F01B727D3FAAA00471966 /* PBXTargetDependency */,
			);
			name = DestinationListTests;
			productName = DestinationListTests;
			productReference = 755F01B527D3FAAA00471966 /* DestinationListTests.xctest */;
			productType = "com.apple.product-type.bundle.unit-test";
		};
/* End PBXNativeTarget section */

/* Begin PBXProject section */
		755F019727D3FAA900471966 /* Project object */ = {
			isa = PBXProject;
			attributes = {
				BuildIndependentTargetsInParallel = 1;
				LastSwiftUpdateCheck = 1320;
				LastUpgradeCheck = 1320;
				TargetAttributes = {
					755F019E27D3FAA900471966 = {
						CreatedOnToolsVersion = 13.2.1;
					};
					755F01B427D3FAAA00471966 = {
						CreatedOnToolsVersion = 13.2.1;
						TestTargetID = 755F019E27D3FAA900471966;
					};
				};
			};
			buildConfigurationList = 755F019A27D3FAA900471966 /* Build configuration list for PBXProject "DestinationList" */;
			compatibilityVersion = "Xcode 13.0";
			developmentRegion = en;
			hasScannedForEncodings = 0;
			knownRegions = (
				en,
				Base,
			);
			mainGroup = 755F019627D3FAA900471966;
			productRefGroup = 755F01A027D3FAA900471966 /* Products */;
			projectDirPath = "";
			projectRoot = "";
			targets = (
				755F019E27D3FAA900471966 /* DestinationList */,
				755F01B427D3FAAA00471966 /* DestinationListTests */,
			);
		};
/* End PBXProject section */

/* Begin PBXResourcesBuildPhase section */
		755F019D27D3FAA900471966 /* Resources */ = {
			isa = PBXResourcesBuildPhase;
			buildActionMask = 2147483647;
			files = (
				755F01AF27D3FAAA00471966 /* LaunchScreen.storyboard in Resources */,
				755F01D427D401CC00471966 /* MOCK_DATA.json in Resources */,
				755F01AC27D3FAAA00471966 /* Assets.xcassets in Resources */,
				755F01AA27D3FAA900471966 /* Main.storyboard in Resources */,
			);
			runOnlyForDeploymentPostprocessing = 0;
		};
		755F01B327D3FAAA00471966 /* Resources */ = {
			isa = PBXResourcesBuildPhase;
			buildActionMask = 2147483647;
			files = (
			);
			runOnlyForDeploymentPostprocessing = 0;
		};
/* End PBXResourcesBuildPhase section */

/* Begin PBXSourcesBuildPhase section */
		755F019B27D3FAA900471966 /* Sources */ = {
			isa = PBXSourcesBuildPhase;
			buildActionMask = 2147483647;
			files = (
				755F01A727D3FAA900471966 /* ViewController.swift in Sources */,
				755F01E327D4052900471966 /* DestinationViewModelProtocol.swift in Sources */,
				755F01EB27D4161300471966 /* PlaceTableViewCell.swift in Sources */,
				755F01EE27D41DC200471966 /* Date+Extensions.swift in Sources */,
				755F01A327D3FAA900471966 /* AppDelegate.swift in Sources */,
				755F01E527D40CAC00471966 /* DestinationDataSource.swift in Sources */,
				755F01D927D402BE00471966 /* PlaceModel.swift in Sources */,
				755F01DD27D403B100471966 /* DataFetcher.swift in Sources */,
				755F01D627D4022B00471966 /* FileLoader.swift in Sources */,
				755F01E027D404AB00471966 /* DestinationViewModel.swift in Sources */,
			);
			runOnlyForDeploymentPostprocessing = 0;
		};
		755F01B127D3FAAA00471966 /* Sources */ = {
			isa = PBXSourcesBuildPhase;
			buildActionMask = 2147483647;
			files = (
				755F01BA27D3FAAA00471966 /* DestinationListTests.swift in Sources */,
			);
			runOnlyForDeploymentPostprocessing = 0;
		};
/* End PBXSourcesBuildPhase section */

/* Begin PBXTargetDependency section */
		755F01B727D3FAAA00471966 /* PBXTargetDependency */ = {
			isa = PBXTargetDependency;
			target = 755F019E27D3FAA900471966 /* DestinationList */;
			targetProxy = 755F01B627D3FAAA00471966 /* PBXContainerItemProxy */;
		};
/* End PBXTargetDependency section */

/* Begin PBXVariantGroup section */
		755F01A827D3FAA900471966 /* Main.storyboard */ = {
			isa = PBXVariantGroup;
			children = (
				755F01A927D3FAA900471966 /* Base */,
			);
			name = Main.storyboard;
			sourceTree = "<group>";
		};
		755F01AD27D3FAAA00471966 /* LaunchScreen.storyboard */ = {
			isa = PBXVariantGroup;
			children = (
				755F01AE27D3FAAA00471966 /* Base */,
			);
			name = LaunchScreen.storyboard;
			sourceTree = "<group>";
		};
/* End PBXVariantGroup section */

/* Begin XCBuildConfiguration section */
		755F01C727D3FAAA00471966 /* Debug */ = {
			isa = XCBuildConfiguration;
			buildSettings = {
				ALWAYS_SEARCH_USER_PATHS = NO;
				CLANG_ANALYZER_NONNULL = YES;
				CLANG_ANALYZER_NUMBER_OBJECT_CONVERSION = YES_AGGRESSIVE;
				CLANG_CXX_LANGUAGE_STANDARD = "gnu++17";
				CLANG_CXX_LIBRARY = "libc++";
				CLANG_ENABLE_MODULES = YES;
				CLANG_ENABLE_OBJC_ARC = YES;
				CLANG_ENABLE_OBJC_WEAK = YES;
				CLANG_WARN_BLOCK_CAPTURE_AUTORELEASING = YES;
				CLANG_WARN_BOOL_CONVERSION = YES;
				CLANG_WARN_COMMA = YES;
				CLANG_WARN_CONSTANT_CONVERSION = YES;
				CLANG_WARN_DEPRECATED_OBJC_IMPLEMENTATIONS = YES;
				CLANG_WARN_DIRECT_OBJC_ISA_USAGE = YES_ERROR;
				CLANG_WARN_DOCUMENTATION_COMMENTS = YES;
				CLANG_WARN_EMPTY_BODY = YES;
				CLANG_WARN_ENUM_CONVERSION = YES;
				CLANG_WARN_INFINITE_RECURSION = YES;
				CLANG_WARN_INT_CONVERSION = YES;
				CLANG_WARN_NON_LITERAL_NULL_CONVERSION = YES;
				CLANG_WARN_OBJC_IMPLICIT_RETAIN_SELF = YES;
				CLANG_WARN_OBJC_LITERAL_CONVERSION = YES;
				CLANG_WARN_OBJC_ROOT_CLASS = YES_ERROR;
				CLANG_WARN_QUOTED_INCLUDE_IN_FRAMEWORK_HEADER = YES;
				CLANG_WARN_RANGE_LOOP_ANALYSIS = YES;
				CLANG_WARN_STRICT_PROTOTYPES = YES;
				CLANG_WARN_SUSPICIOUS_MOVE = YES;
				CLANG_WARN_UNGUARDED_AVAILABILITY = YES_AGGRESSIVE;
				CLANG_WARN_UNREACHABLE_CODE = YES;
				CLANG_WARN__DUPLICATE_METHOD_MATCH = YES;
				COPY_PHASE_STRIP = NO;
				DEBUG_INFORMATION_FORMAT = dwarf;
				ENABLE_STRICT_OBJC_MSGSEND = YES;
				ENABLE_TESTABILITY = YES;
				GCC_C_LANGUAGE_STANDARD = gnu11;
				GCC_DYNAMIC_NO_PIC = NO;
				GCC_NO_COMMON_BLOCKS = YES;
				GCC_OPTIMIZATION_LEVEL = 0;
				GCC_PREPROCESSOR_DEFINITIONS = (
					"DEBUG=1",
					"$(inherited)",
				);
				GCC_WARN_64_TO_32_BIT_CONVERSION = YES;
				GCC_WARN_ABOUT_RETURN_TYPE = YES_ERROR;
				GCC_WARN_UNDECLARED_SELECTOR = YES;
				GCC_WARN_UNINITIALIZED_AUTOS = YES_AGGRESSIVE;
				GCC_WARN_UNUSED_FUNCTION = YES;
				GCC_WARN_UNUSED_VARIABLE = YES;
				IPHONEOS_DEPLOYMENT_TARGET = 15.2;
				MTL_ENABLE_DEBUG_INFO = INCLUDE_SOURCE;
				MTL_FAST_MATH = YES;
				ONLY_ACTIVE_ARCH = YES;
				SDKROOT = iphoneos;
				SWIFT_ACTIVE_COMPILATION_CONDITIONS = DEBUG;
				SWIFT_OPTIMIZATION_LEVEL = "-Onone";
			};
			name = Debug;
		};
		755F01C827D3FAAA00471966 /* Release */ = {
			isa = XCBuildConfiguration;
			buildSettings = {
				ALWAYS_SEARCH_USER_PATHS = NO;
				CLANG_ANALYZER_NONNULL = YES;
				CLANG_ANALYZER_NUMBER_OBJECT_CONVERSION = YES_AGGRESSIVE;
				CLANG_CXX_LANGUAGE_STANDARD = "gnu++17";
				CLANG_CXX_LIBRARY = "libc++";
				CLANG_ENABLE_MODULES = YES;
				CLANG_ENABLE_OBJC_ARC = YES;
				CLANG_ENABLE_OBJC_WEAK = YES;
				CLANG_WARN_BLOCK_CAPTURE_AUTORELEASING = YES;
				CLANG_WARN_BOOL_CONVERSION = YES;
				CLANG_WARN_COMMA = YES;
				CLANG_WARN_CONSTANT_CONVERSION = YES;
				CLANG_WARN_DEPRECATED_OBJC_IMPLEMENTATIONS = YES;
				CLANG_WARN_DIRECT_OBJC_ISA_USAGE = YES_ERROR;
				CLANG_WARN_DOCUMENTATION_COMMENTS = YES;
				CLANG_WARN_EMPTY_BODY = YES;
				CLANG_WARN_ENUM_CONVERSION = YES;
				CLANG_WARN_INFINITE_RECURSION = YES;
				CLANG_WARN_INT_CONVERSION = YES;
				CLANG_WARN_NON_LITERAL_NULL_CONVERSION = YES;
				CLANG_WARN_OBJC_IMPLICIT_RETAIN_SELF = YES;
				CLANG_WARN_OBJC_LITERAL_CONVERSION = YES;
				CLANG_WARN_OBJC_ROOT_CLASS = YES_ERROR;
				CLANG_WARN_QUOTED_INCLUDE_IN_FRAMEWORK_HEADER = YES;
				CLANG_WARN_RANGE_LOOP_ANALYSIS = YES;
				CLANG_WARN_STRICT_PROTOTYPES = YES;
				CLANG_WARN_SUSPICIOUS_MOVE = YES;
				CLANG_WARN_UNGUARDED_AVAILABILITY = YES_AGGRESSIVE;
				CLANG_WARN_UNREACHABLE_CODE = YES;
				CLANG_WARN__DUPLICATE_METHOD_MATCH = YES;
				COPY_PHASE_STRIP = NO;
				DEBUG_INFORMATION_FORMAT = "dwarf-with-dsym";
				ENABLE_NS_ASSERTIONS = NO;
				ENABLE_STRICT_OBJC_MSGSEND = YES;
				GCC_C_LANGUAGE_STANDARD = gnu11;
				GCC_NO_COMMON_BLOCKS = YES;
				GCC_WARN_64_TO_32_BIT_CONVERSION = YES;
				GCC_WARN_ABOUT_RETURN_TYPE = YES_ERROR;
				GCC_WARN_UNDECLARED_SELECTOR = YES;
				GCC_WARN_UNINITIALIZED_AUTOS = YES_AGGRESSIVE;
				GCC_WARN_UNUSED_FUNCTION = YES;
				GCC_WARN_UNUSED_VARIABLE = YES;
				IPHONEOS_DEPLOYMENT_TARGET = 15.2;
				MTL_ENABLE_DEBUG_INFO = NO;
				MTL_FAST_MATH = YES;
				SDKROOT = iphoneos;
				SWIFT_COMPILATION_MODE = wholemodule;
				SWIFT_OPTIMIZATION_LEVEL = "-O";
				VALIDATE_PRODUCT = YES;
			};
			name = Release;
		};
		755F01CA27D3FAAA00471966 /* Debug */ = {
			isa = XCBuildConfiguration;
			buildSettings = {
				ASSETCATALOG_COMPILER_APPICON_NAME = AppIcon;
				ASSETCATALOG_COMPILER_GLOBAL_ACCENT_COLOR_NAME = AccentColor;
				CODE_SIGN_STYLE = Automatic;
				CURRENT_PROJECT_VERSION = 1;
				DEVELOPMENT_TEAM = MCCVY9872B;
				GENERATE_INFOPLIST_FILE = YES;
				INFOPLIST_FILE = DestinationList/Info.plist;
				INFOPLIST_KEY_UIApplicationSupportsIndirectInputEvents = YES;
				INFOPLIST_KEY_UILaunchStoryboardName = LaunchScreen;
				INFOPLIST_KEY_UISupportedInterfaceOrientations_iPad = "UIInterfaceOrientationPortrait UIInterfaceOrientationPortraitUpsideDown UIInterfaceOrientationLandscapeLeft UIInterfaceOrientationLandscapeRight";
				INFOPLIST_KEY_UISupportedInterfaceOrientations_iPhone = "UIInterfaceOrientationPortrait UIInterfaceOrientationLandscapeLeft UIInterfaceOrientationLandscapeRight";
				LD_RUNPATH_SEARCH_PATHS = (
					"$(inherited)",
					"@executable_path/Frameworks",
				);
				MARKETING_VERSION = 1.0;
				PRODUCT_BUNDLE_IDENTIFIER = nascimento.erik.DestinationList;
				PRODUCT_NAME = "$(TARGET_NAME)";
				SWIFT_EMIT_LOC_STRINGS = YES;
				SWIFT_VERSION = 5.0;
				TARGETED_DEVICE_FAMILY = 1;
			};
			name = Debug;
		};
		755F01CB27D3FAAA00471966 /* Release */ = {
			isa = XCBuildConfiguration;
			buildSettings = {
				ASSETCATALOG_COMPILER_APPICON_NAME = AppIcon;
				ASSETCATALOG_COMPILER_GLOBAL_ACCENT_COLOR_NAME = AccentColor;
				CODE_SIGN_STYLE = Automatic;
				CURRENT_PROJECT_VERSION = 1;
				DEVELOPMENT_TEAM = MCCVY9872B;
				GENERATE_INFOPLIST_FILE = YES;
				INFOPLIST_FILE = DestinationList/Info.plist;
				INFOPLIST_KEY_UIApplicationSupportsIndirectInputEvents = YES;
				INFOPLIST_KEY_UILaunchStoryboardName = LaunchScreen;
				INFOPLIST_KEY_UISupportedInterfaceOrientations_iPad = "UIInterfaceOrientationPortrait UIInterfaceOrientationPortraitUpsideDown UIInterfaceOrientationLandscapeLeft UIInterfaceOrientationLandscapeRight";
				INFOPLIST_KEY_UISupportedInterfaceOrientations_iPhone = "UIInterfaceOrientationPortrait UIInterfaceOrientationLandscapeLeft UIInterfaceOrientationLandscapeRight";
				LD_RUNPATH_SEARCH_PATHS = (
					"$(inherited)",
					"@executable_path/Frameworks",
				);
				MARKETING_VERSION = 1.0;
				PRODUCT_BUNDLE_IDENTIFIER = nascimento.erik.DestinationList;
				PRODUCT_NAME = "$(TARGET_NAME)";
				SWIFT_EMIT_LOC_STRINGS = YES;
				SWIFT_VERSION = 5.0;
				TARGETED_DEVICE_FAMILY = 1;
			};
			name = Release;
		};
		755F01CD27D3FAAA00471966 /* Debug */ = {
			isa = XCBuildConfiguration;
			buildSettings = {
				ALWAYS_EMBED_SWIFT_STANDARD_LIBRARIES = YES;
				BUNDLE_LOADER = "$(TEST_HOST)";
				CODE_SIGN_STYLE = Automatic;
				CURRENT_PROJECT_VERSION = 1;
				DEVELOPMENT_TEAM = MCCVY9872B;
				GENERATE_INFOPLIST_FILE = YES;
				IPHONEOS_DEPLOYMENT_TARGET = 15.2;
				MARKETING_VERSION = 1.0;
				PRODUCT_BUNDLE_IDENTIFIER = nascimento.erik.DestinationListTests;
				PRODUCT_NAME = "$(TARGET_NAME)";
				SWIFT_EMIT_LOC_STRINGS = NO;
				SWIFT_VERSION = 5.0;
				TARGETED_DEVICE_FAMILY = "1,2";
				TEST_HOST = "$(BUILT_PRODUCTS_DIR)/DestinationList.app/DestinationList";
			};
			name = Debug;
		};
		755F01CE27D3FAAA00471966 /* Release */ = {
			isa = XCBuildConfiguration;
			buildSettings = {
				ALWAYS_EMBED_SWIFT_STANDARD_LIBRARIES = YES;
				BUNDLE_LOADER = "$(TEST_HOST)";
				CODE_SIGN_STYLE = Automatic;
				CURRENT_PROJECT_VERSION = 1;
				DEVELOPMENT_TEAM = MCCVY9872B;
				GENERATE_INFOPLIST_FILE = YES;
				IPHONEOS_DEPLOYMENT_TARGET = 15.2;
				MARKETING_VERSION = 1.0;
				PRODUCT_BUNDLE_IDENTIFIER = nascimento.erik.DestinationListTests;
				PRODUCT_NAME = "$(TARGET_NAME)";
				SWIFT_EMIT_LOC_STRINGS = NO;
				SWIFT_VERSION = 5.0;
				TARGETED_DEVICE_FAMILY = "1,2";
				TEST_HOST = "$(BUILT_PRODUCTS_DIR)/DestinationList.app/DestinationList";
			};
			name = Release;
		};
/* End XCBuildConfiguration section */

/* Begin XCConfigurationList section */
		755F019A27D3FAA900471966 /* Build configuration list for PBXProject "DestinationList" */ = {
			isa = XCConfigurationList;
			buildConfigurations = (
				755F01C727D3FAAA00471966 /* Debug */,
				755F01C827D3FAAA00471966 /* Release */,
			);
			defaultConfigurationIsVisible = 0;
			defaultConfigurationName = Release;
		};
		755F01C927D3FAAA00471966 /* Build configuration list for PBXNativeTarget "DestinationList" */ = {
			isa = XCConfigurationList;
			buildConfigurations = (
				755F01CA27D3FAAA00471966 /* Debug */,
				755F01CB27D3FAAA00471966 /* Release */,
			);
			defaultConfigurationIsVisible = 0;
			defaultConfigurationName = Release;
		};
		755F01CC27D3FAAA00471966 /* Build configuration list for PBXNativeTarget "DestinationListTests" */ = {
			isa = XCConfigurationList;
			buildConfigurations = (
				755F01CD27D3FAAA00471966 /* Debug */,
				755F01CE27D3FAAA00471966 /* Release */,
			);
			defaultConfigurationIsVisible = 0;
			defaultConfigurationName = Release;
		};
/* End XCConfigurationList section */
	};
	rootObject = 755F019727D3FAA900471966 /* Project object */;
}
